
Microsoft Visual Studio Solution File, Format Version 12.00
# Visual Studio Version 17
VisualStudioVersion = 17.3.32804.467
MinimumVisualStudioVersion = 10.0.40219.1
Project("{9A19103F-16F7-4668-BE54-9A1E7A4F7556}") = "MedContactApp", "MedContactApp\MedContactApp.csproj", "{D413CC03-E5F4-449C-B5F3-3FA44F71F365}"
EndProject
Project("{9A19103F-16F7-4668-BE54-9A1E7A4F7556}") = "MedContactDb", "MedContactDb\MedContactDb.csproj", "{6361394F-2212-4AF9-A10C-7E4BC3C43848}"
EndProject
Project("{9A19103F-16F7-4668-BE54-9A1E7A4F7556}") = "MedContactBusiness", "MedContactBusiness\MedContactBusiness.csproj", "{1164793E-F6F2-484C-A82F-FB8C07A224C3}"
EndProject
Project("{9A19103F-16F7-4668-BE54-9A1E7A4F7556}") = "MedContactCore", "MedContactCore\MedContactCore.csproj", "{EADEE4F4-A041-4BC0-9015-9D4F01147A31}"
EndProject
Project("{9A19103F-16F7-4668-BE54-9A1E7A4F7556}") = "MedContactDataAbstractions", "MedContactDataAbstractions\MedContactDataAbstractions.csproj", "{34E87B99-17D5-4CF4-888F-1C1CCFCDF7D2}"
EndProject
Project("{9A19103F-16F7-4668-BE54-9A1E7A4F7556}") = "MedContactDataRepositories", "MedContactDataRepositories\MedContactDataRepositories.csproj", "{EFEE04AF-34B3-4FBA-9AB5-104B9B1F9144}"
EndProject
Global
	GlobalSection(SolutionConfigurationPlatforms) = preSolution
		Debug|Any CPU = Debug|Any CPU
		Release|Any CPU = Release|Any CPU
	EndGlobalSection
	GlobalSection(ProjectConfigurationPlatforms) = postSolution
		{D413CC03-E5F4-449C-B5F3-3FA44F71F365}.Debug|Any CPU.ActiveCfg = Debug|Any CPU
		{D413CC03-E5F4-449C-B5F3-3FA44F71F365}.Debug|Any CPU.Build.0 = Debug|Any CPU
		{D413CC03-E5F4-449C-B5F3-3FA44F71F365}.Release|Any CPU.ActiveCfg = Release|Any CPU
		{D413CC03-E5F4-449C-B5F3-3FA44F71F365}.Release|Any CPU.Build.0 = Release|Any CPU
		{6361394F-2212-4AF9-A10C-7E4BC3C43848}.Debug|Any CPU.ActiveCfg = Debug|Any CPU
		{6361394F-2212-4AF9-A10C-7E4BC3C43848}.Debug|Any CPU.Build.0 = Debug|Any CPU
		{6361394F-2212-4AF9-A10C-7E4BC3C43848}.Release|Any CPU.ActiveCfg = Release|Any CPU
		{6361394F-2212-4AF9-A10C-7E4BC3C43848}.Release|Any CPU.Build.0 = Release|Any CPU
		{1164793E-F6F2-484C-A82F-FB8C07A224C3}.Debug|Any CPU.ActiveCfg = Debug|Any CPU
		{1164793E-F6F2-484C-A82F-FB8C07A224C3}.Debug|Any CPU.Build.0 = Debug|Any CPU
		{1164793E-F6F2-484C-A82F-FB8C07A224C3}.Release|Any CPU.ActiveCfg = Release|Any CPU
		{1164793E-F6F2-484C-A82F-FB8C07A224C3}.Release|Any CPU.Build.0 = Release|Any CPU
		{EADEE4F4-A041-4BC0-9015-9D4F01147A31}.Debug|Any CPU.ActiveCfg = Debug|Any CPU
		{EADEE4F4-A041-4BC0-9015-9D4F01147A31}.Debug|Any CPU.Build.0 = Debug|Any CPU
		{EADEE4F4-A041-4BC0-9015-9D4F01147A31}.Release|Any CPU.ActiveCfg = Release|Any CPU
		{EADEE4F4-A041-4BC0-9015-9D4F01147A31}.Release|Any CPU.Build.0 = Release|Any CPU
		{34E87B99-17D5-4CF4-888F-1C1CCFCDF7D2}.Debug|Any CPU.ActiveCfg = Debug|Any CPU
		{34E87B99-17D5-4CF4-888F-1C1CCFCDF7D2}.Debug|Any CPU.Build.0 = Debug|Any CPU
		{34E87B99-17D5-4CF4-888F-1C1CCFCDF7D2}.Release|Any CPU.ActiveCfg = Release|Any CPU
		{34E87B99-17D5-4CF4-888F-1C1CCFCDF7D2}.Release|Any CPU.Build.0 = Release|Any CPU
		{EFEE04AF-34B3-4FBA-9AB5-104B9B1F9144}.Debug|Any CPU.ActiveCfg = Debug|Any CPU
		{EFEE04AF-34B3-4FBA-9AB5-104B9B1F9144}.Debug|Any CPU.Build.0 = Debug|Any CPU
		{EFEE04AF-34B3-4FBA-9AB5-104B9B1F9144}.Release|Any CPU.ActiveCfg = Release|Any CPU
		{EFEE04AF-34B3-4FBA-9AB5-104B9B1F9144}.Release|Any CPU.Build.0 = Release|Any CPU
	EndGlobalSection
	GlobalSection(SolutionProperties) = preSolution
		HideSolutionNode = FALSE
	EndGlobalSection
	GlobalSection(ExtensibilityGlobals) = postSolution
		SolutionGuid = {3C8505FC-AF6C-4905-9D09-7CF52D4E6C4D}
	EndGlobalSection
EndGlobal
